
Microsoft Visual Studio Solution File, Format Version 12.00
# Visual Studio 14
VisualStudioVersion = 14.0.25420.1
MinimumVisualStudioVersion = 10.0.40219.1
Project("{FAE04EC0-301F-11D3-BF4B-00C04F79EFBC}") = "SilkServer", "SilkServer\SilkServer.csproj", "{BF4FDC0F-009C-4357-9F39-4D32B7B98581}"
EndProject
Project("{FAE04EC0-301F-11D3-BF4B-00C04F79EFBC}") = "SilkServerCommon", "SilkServerCommon\SilkServerCommon.csproj", "{EFD0EE5F-E4BF-4A12-BBD9-CB258611CF5F}"
EndProject
Project("{FAE04EC0-301F-11D3-BF4B-00C04F79EFBC}") = "SilkClient", "..\SilkClient\SilkClient.csproj", "{0E691DD7-E42C-64E2-BD53-E4047E68613F}"
EndProject
Global
	GlobalSection(SolutionConfigurationPlatforms) = preSolution
		Debug|Any CPU = Debug|Any CPU
		Release|Any CPU = Release|Any CPU
	EndGlobalSection
	GlobalSection(ProjectConfigurationPlatforms) = postSolution
		{BF4FDC0F-009C-4357-9F39-4D32B7B98581}.Debug|Any CPU.ActiveCfg = Debug|Any CPU
		{BF4FDC0F-009C-4357-9F39-4D32B7B98581}.Debug|Any CPU.Build.0 = Debug|Any CPU
		{BF4FDC0F-009C-4357-9F39-4D32B7B98581}.Release|Any CPU.ActiveCfg = Release|Any CPU
		{BF4FDC0F-009C-4357-9F39-4D32B7B98581}.Release|Any CPU.Build.0 = Release|Any CPU
		{EFD0EE5F-E4BF-4A12-BBD9-CB258611CF5F}.Debug|Any CPU.ActiveCfg = Debug|Any CPU
		{EFD0EE5F-E4BF-4A12-BBD9-CB258611CF5F}.Debug|Any CPU.Build.0 = Debug|Any CPU
		{EFD0EE5F-E4BF-4A12-BBD9-CB258611CF5F}.Release|Any CPU.ActiveCfg = Release|Any CPU
		{EFD0EE5F-E4BF-4A12-BBD9-CB258611CF5F}.Release|Any CPU.Build.0 = Release|Any CPU
		{0E691DD7-E42C-64E2-BD53-E4047E68613F}.Debug|Any CPU.ActiveCfg = Debug|Any CPU
		{0E691DD7-E42C-64E2-BD53-E4047E68613F}.Debug|Any CPU.Build.0 = Debug|Any CPU
		{0E691DD7-E42C-64E2-BD53-E4047E68613F}.Release|Any CPU.ActiveCfg = Release|Any CPU
		{0E691DD7-E42C-64E2-BD53-E4047E68613F}.Release|Any CPU.Build.0 = Release|Any CPU
	EndGlobalSection
	GlobalSection(SolutionProperties) = preSolution
		HideSolutionNode = FALSE
	EndGlobalSection
EndGlobal
